<?xml version="1.0" encoding="utf-8"?>
<Project ToolsVersion="4.0" xmlns="http://schemas.microsoft.com/developer/msbuild/2003">
  <ItemGroup>
    <Filter Include="Source Files">
      <UniqueIdentifier>{4FC737F1-C7A5-4376-A066-2A32D752A2FF}</UniqueIdentifier>
      <Extensions>cpp;c;cc;cxx;def;odl;idl;hpj;bat;asm;asmx</Extensions>
    </Filter>
    <Filter Include="Header Files">
      <UniqueIdentifier>{93995380-89BD-4b04-88EB-625FBE52EBFB}</UniqueIdentifier>
      <Extensions>h;hh;hpp;hxx;hm;inl;inc;ipp;xsd</Extensions>
    </Filter>
    <Filter Include="Resource Files">
      <UniqueIdentifier>{67DA6AB6-F800-4c08-8B7A-83BB121AAD01}</UniqueIdentifier>
      <Extensions>rc;ico;cur;bmp;dlg;rc2;rct;bin;rgs;gif;jpg;jpeg;jpe;resx;tiff;tif;png;wav;mfcribbon-ms</Extensions>
    </Filter>
  </ItemGroup>
  <ItemGroup>
    <ClInclude Include="stdafx.h">
      <Filter>Header Files</Filter>
    </ClInclude>
    <ClInclude Include="targetver.h">
      <Filter>Header Files</Filter>
    </ClInclude>
    <ClInclude Include="RayTracer.h">
      <Filter>Header Files</Filter>
    </ClInclude>
    <ClInclude Include="SceneRenderer.h">
      <Filter>Header Files</Filter>
    </ClInclude>
    <ClInclude Include="pugixml-1.9\src\pugiconfig.hpp">
      <Filter>Header Files</Filter>
    </ClInclude>
    <ClInclude Include="pugixml-1.9\src\pugixml.hpp">
      <Filter>Header Files</Filter>
    </ClInclude>
    <ClInclude Include="tinyobjloader\tiny_obj_loader.h">
      <Filter>Header Files</Filter>
    </ClInclude>
    <ClInclude Include="renderers\BaseRenderer.h">
      <Filter>Header Files</Filter>
    </ClInclude>
    <ClInclude Include="SceneLoader.h">
      <Filter>Header Files</Filter>
    </ClInclude>
    <ClInclude Include="nanonflann\nanoflann.hpp">
      <Filter>Header Files</Filter>
    </ClInclude>
    <ClInclude Include="nanonflann\utils.h">
      <Filter>Header Files</Filter>
    </ClInclude>
    <ClInclude Include="Utils\XMLManager.h">
      <Filter>Header Files</Filter>
    </ClInclude>
    <ClInclude Include="Utils\FileManager.h">
      <Filter>Header Files</Filter>
    </ClInclude>
    <ClInclude Include="Utils\ONB.h">
      <Filter>Header Files</Filter>
    </ClInclude>
    <ClInclude Include="Utils\Utils.h">
      <Filter>Header Files</Filter>
    </ClInclude>
    <ClInclude Include="Utils\Types.h">
      <Filter>Header Files</Filter>
    </ClInclude>
    <ClInclude Include="Utils\DirectionSampler.h">
      <Filter>Header Files</Filter>
    </ClInclude>
    <ClInclude Include="Utils\DirectLightSampler.h">
      <Filter>Header Files</Filter>
    </ClInclude>
    <ClInclude Include="IntersectionHandlers\BaseIntersectionHandler.h">
      <Filter>Header Files</Filter>
    </ClInclude>
    <ClInclude Include="IntersectionHandlers\BasicIntersectionHandler.h">
      <Filter>Header Files</Filter>
    </ClInclude>
    <ClInclude Include="IntersectionHandlers\DiffuseIntersectionHandler.h">
      <Filter>Header Files</Filter>
    </ClInclude>
    <ClInclude Include="IntersectionHandlers\IntersectionHandlerFactory.h">
      <Filter>Header Files</Filter>
    </ClInclude>
    <ClInclude Include="IntersectionHandlers\ScratchPixel1IntersectionHandler.h">
      <Filter>Header Files</Filter>
    </ClInclude>
    <ClInclude Include="IntersectionHandlers\ScratchPixel2IntersectionHandler.h">
      <Filter>Header Files</Filter>
    </ClInclude>
    <ClInclude Include="IntersectionHandlers\ScratchPixel3IntersectionHandler.h">
      <Filter>Header Files</Filter>
    </ClInclude>
    <ClInclude Include="Utils\PhaseFunction.h">
      <Filter>Header Files</Filter>
    </ClInclude>
    <ClInclude Include="Utils\PerlinNoiseSampler.h">
      <Filter>Header Files</Filter>
    </ClInclude>
    <ClInclude Include="nanovdb\NanoVDB.h">
      <Filter>Header Files</Filter>
    </ClInclude>
    <ClInclude Include="nanovdb\util\CSampleFromVoxels.h">
      <Filter>Header Files</Filter>
    </ClInclude>
    <ClInclude Include="nanovdb\util\CudaDeviceBuffer.h">
      <Filter>Header Files</Filter>
    </ClInclude>
    <ClInclude Include="nanovdb\util\DitherLUT.h">
      <Filter>Header Files</Filter>
    </ClInclude>
    <ClInclude Include="nanovdb\util\ForEach.h">
      <Filter>Header Files</Filter>
    </ClInclude>
    <ClInclude Include="nanovdb\util\GridChecksum.h">
      <Filter>Header Files</Filter>
    </ClInclude>
    <ClInclude Include="nanovdb\util\GridHandle.h">
      <Filter>Header Files</Filter>
    </ClInclude>
    <ClInclude Include="nanovdb\util\GridStats.h">
      <Filter>Header Files</Filter>
    </ClInclude>
    <ClInclude Include="nanovdb\util\GridValidator.h">
      <Filter>Header Files</Filter>
    </ClInclude>
    <ClInclude Include="nanovdb\util\HDDA.h">
      <Filter>Header Files</Filter>
    </ClInclude>
    <ClInclude Include="nanovdb\util\HostBuffer.h">
      <Filter>Header Files</Filter>
    </ClInclude>
    <ClInclude Include="nanovdb\util\IndexGridBuilder.h">
      <Filter>Header Files</Filter>
    </ClInclude>
    <ClInclude Include="nanovdb\util\Invoke.h">
      <Filter>Header Files</Filter>
    </ClInclude>
    <ClInclude Include="nanovdb\util\IO.h">
      <Filter>Header Files</Filter>
    </ClInclude>
    <ClInclude Include="nanovdb\util\NanoToOpenVDB.h">
      <Filter>Header Files</Filter>
    </ClInclude>
    <ClInclude Include="nanovdb\util\NodeManager.h">
      <Filter>Header Files</Filter>
    </ClInclude>
    <ClInclude Include="nanovdb\util\OpenToNanoVDB.h">
      <Filter>Header Files</Filter>
    </ClInclude>
    <ClInclude Include="nanovdb\util\Primitives.h">
      <Filter>Header Files</Filter>
    </ClInclude>
    <ClInclude Include="nanovdb\util\Range.h">
      <Filter>Header Files</Filter>
    </ClInclude>
    <ClInclude Include="nanovdb\util\Ray.h">
      <Filter>Header Files</Filter>
    </ClInclude>
    <ClInclude Include="nanovdb\util\Reduce.h">
      <Filter>Header Files</Filter>
    </ClInclude>
    <ClInclude Include="nanovdb\util\SampleFromVoxels.h">
      <Filter>Header Files</Filter>
    </ClInclude>
    <ClInclude Include="nanovdb\util\Stencils.h">
      <Filter>Header Files</Filter>
    </ClInclude>
    <ClInclude Include="nanovdb\util\GridBuilder.h">
      <Filter>Header Files</Filter>
    </ClInclude>
    <ClInclude Include="nanovdb\fog_example\common.h">
      <Filter>Header Files</Filter>
    </ClInclude>
    <ClInclude Include="renderers\RendererFactory.h">
      <Filter>Header Files</Filter>
    </ClInclude>
    <ClInclude Include="Utils\EmbreeHelper.h">
      <Filter>Header Files</Filter>
    </ClInclude>
    <ClInclude Include="renderers\RendererScratchPixel4.h">
      <Filter>Header Files</Filter>
    </ClInclude>
    <ClInclude Include="renderers\RendererNanoVDBSimple.h">
      <Filter>Header Files</Filter>
    </ClInclude>
    <ClInclude Include="renderers\RendererNanoVDBEmission.h">
      <Filter>Header Files</Filter>
    </ClInclude>
    <ClInclude Include="renderers\RendererParticipatingMedia1.h">
      <Filter>Header Files</Filter>
    </ClInclude>
    <ClInclude Include="Utils\MultithreadingHelper.h">
      <Filter>Header Files</Filter>
    </ClInclude>
    <ClInclude Include="renderers\RendererParticipatingMediaTransmission.h">
      <Filter>Header Files</Filter>
    </ClInclude>
  </ItemGroup>
  <ItemGroup>
    <ClCompile Include="stdafx.cpp">
      <Filter>Source Files</Filter>
    </ClCompile>
    <ClCompile Include="dllmain.cpp">
      <Filter>Source Files</Filter>
    </ClCompile>
    <ClCompile Include="RayTracer.cpp">
      <Filter>Source Files</Filter>
    </ClCompile>
    <ClCompile Include="SceneRenderer.cpp">
      <Filter>Source Files</Filter>
    </ClCompile>
    <ClCompile Include="pugixml-1.9\src\pugixml.cpp">
      <Filter>Source Files</Filter>
    </ClCompile>
    <ClCompile Include="tinyobjloader\tiny_obj_loader.cc">
      <Filter>Source Files</Filter>
    </ClCompile>
    <ClCompile Include="renderers\BaseRenderer.cpp">
      <Filter>Source Files</Filter>
    </ClCompile>
    <ClCompile Include="SceneLoader.cpp">
      <Filter>Source Files</Filter>
    </ClCompile>
    <ClCompile Include="Utils\FileManager.cpp">
      <Filter>Source Files</Filter>
    </ClCompile>
    <ClCompile Include="Utils\ONB.cpp">
      <Filter>Source Files</Filter>
    </ClCompile>
    <ClCompile Include="Utils\Utils.cpp">
      <Filter>Source Files</Filter>
    </ClCompile>
    <ClCompile Include="Utils\XMLManager.cpp">
      <Filter>Source Files</Filter>
    </ClCompile>
    <ClCompile Include="Utils\Types.cpp">
      <Filter>Source Files</Filter>
    </ClCompile>
    <ClCompile Include="Utils\DirectionSampler.cpp">
      <Filter>Source Files</Filter>
    </ClCompile>
    <ClCompile Include="Utils\DirectLightSampler.cpp">
      <Filter>Source Files</Filter>
    </ClCompile>
    <ClCompile Include="IntersectionHandlers\BasicIntersectionHandler.cpp">
      <Filter>Source Files</Filter>
    </ClCompile>
    <ClCompile Include="IntersectionHandlers\DiffuseIntersectionHandler.cpp">
      <Filter>Source Files</Filter>
    </ClCompile>
    <ClCompile Include="IntersectionHandlers\IntersectionHandlerFactory.cpp">
      <Filter>Source Files</Filter>
    </ClCompile>
    <ClCompile Include="IntersectionHandlers\ScratchPixel1IntersectionHandler.cpp">
      <Filter>Source Files</Filter>
    </ClCompile>
    <ClCompile Include="IntersectionHandlers\ScratchPixel2IntersectionHandler.cpp">
      <Filter>Source Files</Filter>
    </ClCompile>
    <ClCompile Include="IntersectionHandlers\ScratchPixel3IntersectionHandler.cpp">
      <Filter>Source Files</Filter>
    </ClCompile>
    <ClCompile Include="Utils\PhaseFunction.cpp">
      <Filter>Source Files</Filter>
    </ClCompile>
    <ClCompile Include="Utils\PerlinNoiseSampler.cpp">
      <Filter>Source Files</Filter>
    </ClCompile>
    <ClCompile Include="renderers\RendererFactory.cpp">
      <Filter>Source Files</Filter>
    </ClCompile>
    <ClCompile Include="Utils\EmbreeHelper.cpp">
      <Filter>Source Files</Filter>
    </ClCompile>
    <ClCompile Include="renderers\RendererScratchPixel4.cpp">
      <Filter>Source Files</Filter>
    </ClCompile>
    <ClCompile Include="renderers\RendererNanoVDBSimple.cpp">
      <Filter>Source Files</Filter>
    </ClCompile>
    <ClCompile Include="renderers\RendererNanoVDBEmission.cpp">
      <Filter>Source Files</Filter>
    </ClCompile>
    <ClCompile Include="renderers\RendererParticipatingMedia1.cpp">
      <Filter>Source Files</Filter>
    </ClCompile>
    <ClCompile Include="Utils\MultithreadingHelper.cpp">
      <Filter>Source Files</Filter>
    </ClCompile>
    <ClCompile Include="renderers\RendererParticipatingMediaTransmission.cpp">
      <Filter>Source Files</Filter>
    </ClCompile>
  </ItemGroup>
</Project>