
Microsoft Visual Studio Solution File, Format Version 12.00
# Visual Studio Version 17
VisualStudioVersion = 17.5.33516.290
MinimumVisualStudioVersion = 10.0.40219.1
Project("{8BC9CEB8-8B4A-11D0-8D11-00A0C91BC942}") = "SceneRenderer", "SceneRenderer\SceneRenderer.vcxproj", "{DF5F9302-1414-4FF6-871B-5CDC7FD7364A}"
EndProject
Project("{8BC9CEB8-8B4A-11D0-8D11-00A0C91BC942}") = "RayTracer", "RayTracer\RayTracer.vcxproj", "{861E2562-A87E-4FE9-852D-33E7EA4346E1}"
EndProject
Global
	GlobalSection(SolutionConfigurationPlatforms) = preSolution
		Debug|x64 = Debug|x64
		Debug|x86 = Debug|x86
		Release|x64 = Release|x64
		Release|x86 = Release|x86
	EndGlobalSection
	GlobalSection(ProjectConfigurationPlatforms) = postSolution
		{DF5F9302-1414-4FF6-871B-5CDC7FD7364A}.Debug|x64.ActiveCfg = Debug|x64
		{DF5F9302-1414-4FF6-871B-5CDC7FD7364A}.Debug|x64.Build.0 = Debug|x64
		{DF5F9302-1414-4FF6-871B-5CDC7FD7364A}.Debug|x86.ActiveCfg = Debug|Win32
		{DF5F9302-1414-4FF6-871B-5CDC7FD7364A}.Debug|x86.Build.0 = Debug|Win32
		{DF5F9302-1414-4FF6-871B-5CDC7FD7364A}.Release|x64.ActiveCfg = Release|x64
		{DF5F9302-1414-4FF6-871B-5CDC7FD7364A}.Release|x64.Build.0 = Release|x64
		{DF5F9302-1414-4FF6-871B-5CDC7FD7364A}.Release|x86.ActiveCfg = Release|Win32
		{DF5F9302-1414-4FF6-871B-5CDC7FD7364A}.Release|x86.Build.0 = Release|Win32
		{861E2562-A87E-4FE9-852D-33E7EA4346E1}.Debug|x64.ActiveCfg = Debug|x64
		{861E2562-A87E-4FE9-852D-33E7EA4346E1}.Debug|x64.Build.0 = Debug|x64
		{861E2562-A87E-4FE9-852D-33E7EA4346E1}.Debug|x86.ActiveCfg = Debug|Win32
		{861E2562-A87E-4FE9-852D-33E7EA4346E1}.Debug|x86.Build.0 = Debug|Win32
		{861E2562-A87E-4FE9-852D-33E7EA4346E1}.Release|x64.ActiveCfg = Release|x64
		{861E2562-A87E-4FE9-852D-33E7EA4346E1}.Release|x64.Build.0 = Release|x64
		{861E2562-A87E-4FE9-852D-33E7EA4346E1}.Release|x86.ActiveCfg = Release|Win32
		{861E2562-A87E-4FE9-852D-33E7EA4346E1}.Release|x86.Build.0 = Release|Win32
	EndGlobalSection
	GlobalSection(SolutionProperties) = preSolution
		HideSolutionNode = FALSE
	EndGlobalSection
	GlobalSection(ExtensibilityGlobals) = postSolution
		SolutionGuid = {2D4C4DAD-C7C4-4AA8-8EB4-1ECCF2BC7E31}
	EndGlobalSection
EndGlobal
